// !$*UTF8*$!
{
	archiveVersion = 1;
	classes = {
	};
	objectVersion = 50;
	objects = {

/* Begin PBXBuildFile section */
		AC0718A92153C348003061AC /* TheaterTableViewCell.swift in Sources */ = {isa = PBXBuildFile; fileRef = AC0718A82153C348003061AC /* TheaterTableViewCell.swift */; };
		AC0718AB2154D944003061AC /* TheaterData.swift in Sources */ = {isa = PBXBuildFile; fileRef = AC0718AA2154D944003061AC /* TheaterData.swift */; };
		AC0718AD2159182E003061AC /* TheaterDetailViewController.swift in Sources */ = {isa = PBXBuildFile; fileRef = AC0718AC2159182E003061AC /* TheaterDetailViewController.swift */; };
		AC0718AF21592ECA003061AC /* ShowtimeTableViewCell.swift in Sources */ = {isa = PBXBuildFile; fileRef = AC0718AE21592ECA003061AC /* ShowtimeTableViewCell.swift */; };
		AC0718B721594B6C003061AC /* MovieShowtimeViewController.swift in Sources */ = {isa = PBXBuildFile; fileRef = AC0718B621594B6C003061AC /* MovieShowtimeViewController.swift */; };
		AC0718BA21594D8A003061AC /* DateCollectionViewCell.swift in Sources */ = {isa = PBXBuildFile; fileRef = AC0718B821594D8A003061AC /* DateCollectionViewCell.swift */; };
		AC0718BB21594D8A003061AC /* DateCollectionViewCell.xib in Resources */ = {isa = PBXBuildFile; fileRef = AC0718B921594D8A003061AC /* DateCollectionViewCell.xib */; };
		AC0718BD2159B63B003061AC /* CinemaShowtimeTableViewCell.swift in Sources */ = {isa = PBXBuildFile; fileRef = AC0718BC2159B63B003061AC /* CinemaShowtimeTableViewCell.swift */; };
		AC0718BF215A36A7003061AC /* CollectionViewController.swift in Sources */ = {isa = PBXBuildFile; fileRef = AC0718BE215A36A7003061AC /* CollectionViewController.swift */; };
		AC0718C2215A4468003061AC /* CollectedTableViewCell.swift in Sources */ = {isa = PBXBuildFile; fileRef = AC0718C0215A4468003061AC /* CollectedTableViewCell.swift */; };
		AC0718C3215A4468003061AC /* CollectedTableViewCell.xib in Resources */ = {isa = PBXBuildFile; fileRef = AC0718C1215A4468003061AC /* CollectedTableViewCell.xib */; };
		AC79533E2152172A00668DAB /* AppDelegate.swift in Sources */ = {isa = PBXBuildFile; fileRef = AC79533D2152172A00668DAB /* AppDelegate.swift */; };
		AC7953402152172A00668DAB /* InTheaterViewController.swift in Sources */ = {isa = PBXBuildFile; fileRef = AC79533F2152172A00668DAB /* InTheaterViewController.swift */; };
		AC7953432152172A00668DAB /* Main.storyboard in Resources */ = {isa = PBXBuildFile; fileRef = AC7953412152172A00668DAB /* Main.storyboard */; };
		AC7953452152173000668DAB /* Assets.xcassets in Resources */ = {isa = PBXBuildFile; fileRef = AC7953442152173000668DAB /* Assets.xcassets */; };
		AC7953482152173000668DAB /* LaunchScreen.storyboard in Resources */ = {isa = PBXBuildFile; fileRef = AC7953462152173000668DAB /* LaunchScreen.storyboard */; };
		AC79535221527E7300668DAB /* MovieInfoTableViewCell.swift in Sources */ = {isa = PBXBuildFile; fileRef = AC79535021527E7300668DAB /* MovieInfoTableViewCell.swift */; };
		AC79535321527E7300668DAB /* MovieInfoTableViewCell.xib in Resources */ = {isa = PBXBuildFile; fileRef = AC79535121527E7300668DAB /* MovieInfoTableViewCell.xib */; };
		AC7953552153511400668DAB /* TheaterListViewController.swift in Sources */ = {isa = PBXBuildFile; fileRef = AC7953542153511400668DAB /* TheaterListViewController.swift */; };
		AC79535821538B2700668DAB /* LocationCollectionViewCell.swift in Sources */ = {isa = PBXBuildFile; fileRef = AC79535621538B2700668DAB /* LocationCollectionViewCell.swift */; };
		AC79535921538B2700668DAB /* LocationCollectionViewCell.xib in Resources */ = {isa = PBXBuildFile; fileRef = AC79535721538B2700668DAB /* LocationCollectionViewCell.xib */; };
		E87B28E33F680C2ADCE86E39 /* Pods_MovieBuff.framework in Frameworks */ = {isa = PBXBuildFile; fileRef = 706D9148D9A280F1E2E8718C /* Pods_MovieBuff.framework */; };
/* End PBXBuildFile section */

/* Begin PBXFileReference section */
		706D9148D9A280F1E2E8718C /* Pods_MovieBuff.framework */ = {isa = PBXFileReference; explicitFileType = wrapper.framework; includeInIndex = 0; path = Pods_MovieBuff.framework; sourceTree = BUILT_PRODUCTS_DIR; };
		A74B07B3D1AEB87D24D1E589 /* Pods-MovieBuff.debug.xcconfig */ = {isa = PBXFileReference; includeInIndex = 1; lastKnownFileType = text.xcconfig; name = "Pods-MovieBuff.debug.xcconfig"; path = "Pods/Target Support Files/Pods-MovieBuff/Pods-MovieBuff.debug.xcconfig"; sourceTree = "<group>"; };
		AC0718A82153C348003061AC /* TheaterTableViewCell.swift */ = {isa = PBXFileReference; lastKnownFileType = sourcecode.swift; path = TheaterTableViewCell.swift; sourceTree = "<group>"; };
		AC0718AA2154D944003061AC /* TheaterData.swift */ = {isa = PBXFileReference; lastKnownFileType = sourcecode.swift; path = TheaterData.swift; sourceTree = "<group>"; };
		AC0718AC2159182E003061AC /* TheaterDetailViewController.swift */ = {isa = PBXFileReference; lastKnownFileType = sourcecode.swift; path = TheaterDetailViewController.swift; sourceTree = "<group>"; };
		AC0718AE21592ECA003061AC /* ShowtimeTableViewCell.swift */ = {isa = PBXFileReference; lastKnownFileType = sourcecode.swift; path = ShowtimeTableViewCell.swift; sourceTree = "<group>"; };
		AC0718B621594B6C003061AC /* MovieShowtimeViewController.swift */ = {isa = PBXFileReference; lastKnownFileType = sourcecode.swift; path = MovieShowtimeViewController.swift; sourceTree = "<group>"; };
		AC0718B821594D8A003061AC /* DateCollectionViewCell.swift */ = {isa = PBXFileReference; lastKnownFileType = sourcecode.swift; path = DateCollectionViewCell.swift; sourceTree = "<group>"; };
		AC0718B921594D8A003061AC /* DateCollectionViewCell.xib */ = {isa = PBXFileReference; lastKnownFileType = file.xib; path = DateCollectionViewCell.xib; sourceTree = "<group>"; };
		AC0718BC2159B63B003061AC /* CinemaShowtimeTableViewCell.swift */ = {isa = PBXFileReference; lastKnownFileType = sourcecode.swift; path = CinemaShowtimeTableViewCell.swift; sourceTree = "<group>"; };
		AC0718BE215A36A7003061AC /* CollectionViewController.swift */ = {isa = PBXFileReference; lastKnownFileType = sourcecode.swift; path = CollectionViewController.swift; sourceTree = "<group>"; };
		AC0718C0215A4468003061AC /* CollectedTableViewCell.swift */ = {isa = PBXFileReference; lastKnownFileType = sourcecode.swift; path = CollectedTableViewCell.swift; sourceTree = "<group>"; };
		AC0718C1215A4468003061AC /* CollectedTableViewCell.xib */ = {isa = PBXFileReference; lastKnownFileType = file.xib; path = CollectedTableViewCell.xib; sourceTree = "<group>"; };
		AC79533A2152172A00668DAB /* MovieBuff.app */ = {isa = PBXFileReference; explicitFileType = wrapper.application; includeInIndex = 0; path = MovieBuff.app; sourceTree = BUILT_PRODUCTS_DIR; };
		AC79533D2152172A00668DAB /* AppDelegate.swift */ = {isa = PBXFileReference; lastKnownFileType = sourcecode.swift; path = AppDelegate.swift; sourceTree = "<group>"; };
		AC79533F2152172A00668DAB /* InTheaterViewController.swift */ = {isa = PBXFileReference; lastKnownFileType = sourcecode.swift; path = InTheaterViewController.swift; sourceTree = "<group>"; };
		AC7953422152172A00668DAB /* Base */ = {isa = PBXFileReference; lastKnownFileType = file.storyboard; name = Base; path = Base.lproj/Main.storyboard; sourceTree = "<group>"; };
		AC7953442152173000668DAB /* Assets.xcassets */ = {isa = PBXFileReference; lastKnownFileType = folder.assetcatalog; path = Assets.xcassets; sourceTree = "<group>"; };
		AC7953472152173000668DAB /* Base */ = {isa = PBXFileReference; lastKnownFileType = file.storyboard; name = Base; path = Base.lproj/LaunchScreen.storyboard; sourceTree = "<group>"; };
		AC7953492152173000668DAB /* Info.plist */ = {isa = PBXFileReference; lastKnownFileType = text.plist.xml; path = Info.plist; sourceTree = "<group>"; };
		AC79535021527E7300668DAB /* MovieInfoTableViewCell.swift */ = {isa = PBXFileReference; lastKnownFileType = sourcecode.swift; path = MovieInfoTableViewCell.swift; sourceTree = "<group>"; };
		AC79535121527E7300668DAB /* MovieInfoTableViewCell.xib */ = {isa = PBXFileReference; lastKnownFileType = file.xib; path = MovieInfoTableViewCell.xib; sourceTree = "<group>"; };
		AC7953542153511400668DAB /* TheaterListViewController.swift */ = {isa = PBXFileReference; lastKnownFileType = sourcecode.swift; path = TheaterListViewController.swift; sourceTree = "<group>"; };
		AC79535621538B2700668DAB /* LocationCollectionViewCell.swift */ = {isa = PBXFileReference; lastKnownFileType = sourcecode.swift; path = LocationCollectionViewCell.swift; sourceTree = "<group>"; };
		AC79535721538B2700668DAB /* LocationCollectionViewCell.xib */ = {isa = PBXFileReference; lastKnownFileType = file.xib; path = LocationCollectionViewCell.xib; sourceTree = "<group>"; };
		B1E56F596B5817293DB1DBBD /* Pods-MovieBuff.release.xcconfig */ = {isa = PBXFileReference; includeInIndex = 1; lastKnownFileType = text.xcconfig; name = "Pods-MovieBuff.release.xcconfig"; path = "Pods/Target Support Files/Pods-MovieBuff/Pods-MovieBuff.release.xcconfig"; sourceTree = "<group>"; };
/* End PBXFileReference section */

/* Begin PBXFrameworksBuildPhase section */
		AC7953372152172A00668DAB /* Frameworks */ = {
			isa = PBXFrameworksBuildPhase;
			buildActionMask = 2147483647;
			files = (
				E87B28E33F680C2ADCE86E39 /* Pods_MovieBuff.framework in Frameworks */,
			);
			runOnlyForDeploymentPostprocessing = 0;
		};
/* End PBXFrameworksBuildPhase section */

/* Begin PBXGroup section */
		11F217D63AE3944F52215FCD /* Frameworks */ = {
			isa = PBXGroup;
			children = (
				706D9148D9A280F1E2E8718C /* Pods_MovieBuff.framework */,
			);
			name = Frameworks;
			sourceTree = "<group>";
		};
		5943269315413BD964A559E1 /* Pods */ = {
			isa = PBXGroup;
			children = (
				A74B07B3D1AEB87D24D1E589 /* Pods-MovieBuff.debug.xcconfig */,
				B1E56F596B5817293DB1DBBD /* Pods-MovieBuff.release.xcconfig */,
			);
			name = Pods;
			sourceTree = "<group>";
		};
		AC7953312152172900668DAB = {
			isa = PBXGroup;
			children = (
				AC79533C2152172A00668DAB /* MovieBuff */,
				AC79533B2152172A00668DAB /* Products */,
				5943269315413BD964A559E1 /* Pods */,
				11F217D63AE3944F52215FCD /* Frameworks */,
			);
			sourceTree = "<group>";
		};
		AC79533B2152172A00668DAB /* Products */ = {
			isa = PBXGroup;
			children = (
				AC79533A2152172A00668DAB /* MovieBuff.app */,
			);
			name = Products;
			sourceTree = "<group>";
		};
		AC79533C2152172A00668DAB /* MovieBuff */ = {
			isa = PBXGroup;
			children = (
				AC79533D2152172A00668DAB /* AppDelegate.swift */,
				AC7953412152172A00668DAB /* Main.storyboard */,
				AC79533F2152172A00668DAB /* InTheaterViewController.swift */,
				AC7953542153511400668DAB /* TheaterListViewController.swift */,
				AC0718AC2159182E003061AC /* TheaterDetailViewController.swift */,
				AC0718B621594B6C003061AC /* MovieShowtimeViewController.swift */,
				AC0718BE215A36A7003061AC /* CollectionViewController.swift */,
				AC7953442152173000668DAB /* Assets.xcassets */,
				AC0718BC2159B63B003061AC /* CinemaShowtimeTableViewCell.swift */,
				AC0718AE21592ECA003061AC /* ShowtimeTableViewCell.swift */,
				AC0718A82153C348003061AC /* TheaterTableViewCell.swift */,
				AC0718C0215A4468003061AC /* CollectedTableViewCell.swift */,
				AC0718C1215A4468003061AC /* CollectedTableViewCell.xib */,
				AC79535621538B2700668DAB /* LocationCollectionViewCell.swift */,
				AC79535721538B2700668DAB /* LocationCollectionViewCell.xib */,
				AC0718B821594D8A003061AC /* DateCollectionViewCell.swift */,
				AC0718B921594D8A003061AC /* DateCollectionViewCell.xib */,
				AC79535021527E7300668DAB /* MovieInfoTableViewCell.swift */,
				AC79535121527E7300668DAB /* MovieInfoTableViewCell.xib */,
				AC7953462152173000668DAB /* LaunchScreen.storyboard */,
				AC0718AA2154D944003061AC /* TheaterData.swift */,
				AC7953492152173000668DAB /* Info.plist */,
			);
			path = MovieBuff;
			sourceTree = "<group>";
		};
/* End PBXGroup section */

/* Begin PBXNativeTarget section */
		AC7953392152172A00668DAB /* MovieBuff */ = {
			isa = PBXNativeTarget;
			buildConfigurationList = AC79534C2152173000668DAB /* Build configuration list for PBXNativeTarget "MovieBuff" */;
			buildPhases = (
				B6008FEDFCC6CC790938B823 /* [CP] Check Pods Manifest.lock */,
				AC7953362152172A00668DAB /* Sources */,
				AC7953372152172A00668DAB /* Frameworks */,
				AC7953382152172A00668DAB /* Resources */,
				AC79534F2152194F00668DAB /* ShellScript */,
				9AE388BEF9EBCDDDCFF6A11F /* [CP] Copy Pods Resources */,
			);
			buildRules = (
			);
			dependencies = (
			);
			name = MovieBuff;
			productName = MovieBuff;
			productReference = AC79533A2152172A00668DAB /* MovieBuff.app */;
			productType = "com.apple.product-type.application";
		};
/* End PBXNativeTarget section */

/* Begin PBXProject section */
		AC7953322152172900668DAB /* Project object */ = {
			isa = PBXProject;
			attributes = {
				LastSwiftUpdateCheck = 1000;
				LastUpgradeCheck = 1000;
				ORGANIZATIONNAME = "Appwork School";
				TargetAttributes = {
					AC7953392152172A00668DAB = {
						CreatedOnToolsVersion = 10.0;
					};
				};
			};
			buildConfigurationList = AC7953352152172A00668DAB /* Build configuration list for PBXProject "MovieBuff" */;
			compatibilityVersion = "Xcode 9.3";
			developmentRegion = en;
			hasScannedForEncodings = 0;
			knownRegions = (
				en,
				Base,
			);
			mainGroup = AC7953312152172900668DAB;
			productRefGroup = AC79533B2152172A00668DAB /* Products */;
			projectDirPath = "";
			projectRoot = "";
			targets = (
				AC7953392152172A00668DAB /* MovieBuff */,
			);
		};
/* End PBXProject section */

/* Begin PBXResourcesBuildPhase section */
		AC7953382152172A00668DAB /* Resources */ = {
			isa = PBXResourcesBuildPhase;
			buildActionMask = 2147483647;
			files = (
				AC0718BB21594D8A003061AC /* DateCollectionViewCell.xib in Resources */,
				AC7953482152173000668DAB /* LaunchScreen.storyboard in Resources */,
				AC0718C3215A4468003061AC /* CollectedTableViewCell.xib in Resources */,
				AC79535921538B2700668DAB /* LocationCollectionViewCell.xib in Resources */,
				AC7953452152173000668DAB /* Assets.xcassets in Resources */,
				AC79535321527E7300668DAB /* MovieInfoTableViewCell.xib in Resources */,
				AC7953432152172A00668DAB /* Main.storyboard in Resources */,
			);
			runOnlyForDeploymentPostprocessing = 0;
		};
/* End PBXResourcesBuildPhase section */

/* Begin PBXShellScriptBuildPhase section */
		9AE388BEF9EBCDDDCFF6A11F /* [CP] Copy Pods Resources */ = {
			isa = PBXShellScriptBuildPhase;
			buildActionMask = 2147483647;
			files = (
			);
			inputPaths = (
				"${SRCROOT}/Pods/Target Support Files/Pods-MovieBuff/Pods-MovieBuff-resources.sh",
				"${PODS_ROOT}/GoogleMaps/Maps/Frameworks/GoogleMaps.framework/Resources/GoogleMaps.bundle",
				"${PODS_ROOT}/GooglePlaces/Frameworks/GooglePlaces.framework/Resources/GooglePlaces.bundle",
			);
			name = "[CP] Copy Pods Resources";
			outputPaths = (
				"${TARGET_BUILD_DIR}/${UNLOCALIZED_RESOURCES_FOLDER_PATH}/GoogleMaps.bundle",
				"${TARGET_BUILD_DIR}/${UNLOCALIZED_RESOURCES_FOLDER_PATH}/GooglePlaces.bundle",
			);
			runOnlyForDeploymentPostprocessing = 0;
			shellPath = /bin/sh;
			shellScript = "\"${SRCROOT}/Pods/Target Support Files/Pods-MovieBuff/Pods-MovieBuff-resources.sh\"\n";
			showEnvVarsInLog = 0;
		};
		AC79534F2152194F00668DAB /* ShellScript */ = {
			isa = PBXShellScriptBuildPhase;
			buildActionMask = 2147483647;
			files = (
			);
			inputPaths = (
			);
			outputPaths = (
			);
			runOnlyForDeploymentPostprocessing = 0;
			shellPath = /bin/sh;
			shellScript = "# Type a script or drag a script file from your workspace to insert its path.\n\"${PODS_ROOT}/SwiftLint/swiftlint\"\n";
		};
		B6008FEDFCC6CC790938B823 /* [CP] Check Pods Manifest.lock */ = {
			isa = PBXShellScriptBuildPhase;
			buildActionMask = 2147483647;
			files = (
			);
			inputPaths = (
				"${PODS_PODFILE_DIR_PATH}/Podfile.lock",
				"${PODS_ROOT}/Manifest.lock",
			);
			name = "[CP] Check Pods Manifest.lock";
			outputPaths = (
				"$(DERIVED_FILE_DIR)/Pods-MovieBuff-checkManifestLockResult.txt",
			);
			runOnlyForDeploymentPostprocessing = 0;
			shellPath = /bin/sh;
			shellScript = "diff \"${PODS_PODFILE_DIR_PATH}/Podfile.lock\" \"${PODS_ROOT}/Manifest.lock\" > /dev/null\nif [ $? != 0 ] ; then\n    # print error to STDERR\n    echo \"error: The sandbox is not in sync with the Podfile.lock. Run 'pod install' or update your CocoaPods installation.\" >&2\n    exit 1\nfi\n# This output is used by Xcode 'outputs' to avoid re-running this script phase.\necho \"SUCCESS\" > \"${SCRIPT_OUTPUT_FILE_0}\"\n";
			showEnvVarsInLog = 0;
		};
/* End PBXShellScriptBuildPhase section */

/* Begin PBXSourcesBuildPhase section */
		AC7953362152172A00668DAB /* Sources */ = {
			isa = PBXSourcesBuildPhase;
			buildActionMask = 2147483647;
			files = (
				AC0718BF215A36A7003061AC /* CollectionViewController.swift in Sources */,
				AC7953402152172A00668DAB /* InTheaterViewController.swift in Sources */,
				AC0718BA21594D8A003061AC /* DateCollectionViewCell.swift in Sources */,
				AC0718B721594B6C003061AC /* MovieShowtimeViewController.swift in Sources */,
				AC0718AD2159182E003061AC /* TheaterDetailViewController.swift in Sources */,
				AC0718A92153C348003061AC /* TheaterTableViewCell.swift in Sources */,
				AC79535221527E7300668DAB /* MovieInfoTableViewCell.swift in Sources */,
				AC0718AF21592ECA003061AC /* ShowtimeTableViewCell.swift in Sources */,
				AC79535821538B2700668DAB /* LocationCollectionViewCell.swift in Sources */,
				AC0718BD2159B63B003061AC /* CinemaShowtimeTableViewCell.swift in Sources */,
				AC0718AB2154D944003061AC /* TheaterData.swift in Sources */,
				AC0718C2215A4468003061AC /* CollectedTableViewCell.swift in Sources */,
				AC7953552153511400668DAB /* TheaterListViewController.swift in Sources */,
				AC79533E2152172A00668DAB /* AppDelegate.swift in Sources */,
			);
			runOnlyForDeploymentPostprocessing = 0;
		};
/* End PBXSourcesBuildPhase section */

/* Begin PBXVariantGroup section */
		AC7953412152172A00668DAB /* Main.storyboard */ = {
			isa = PBXVariantGroup;
			children = (
				AC7953422152172A00668DAB /* Base */,
			);
			name = Main.storyboard;
			sourceTree = "<group>";
		};
		AC7953462152173000668DAB /* LaunchScreen.storyboard */ = {
			isa = PBXVariantGroup;
			children = (
				AC7953472152173000668DAB /* Base */,
			);
			name = LaunchScreen.storyboard;
			sourceTree = "<group>";
		};
/* End PBXVariantGroup section */

/* Begin XCBuildConfiguration section */
		AC79534A2152173000668DAB /* Debug */ = {
			isa = XCBuildConfiguration;
			buildSettings = {
				ALWAYS_SEARCH_USER_PATHS = NO;
				CLANG_ANALYZER_NONNULL = YES;
				CLANG_ANALYZER_NUMBER_OBJECT_CONVERSION = YES_AGGRESSIVE;
				CLANG_CXX_LANGUAGE_STANDARD = "gnu++14";
				CLANG_CXX_LIBRARY = "libc++";
				CLANG_ENABLE_MODULES = YES;
				CLANG_ENABLE_OBJC_ARC = YES;
				CLANG_ENABLE_OBJC_WEAK = YES;
				CLANG_WARN_BLOCK_CAPTURE_AUTORELEASING = YES;
				CLANG_WARN_BOOL_CONVERSION = YES;
				CLANG_WARN_COMMA = YES;
				CLANG_WARN_CONSTANT_CONVERSION = YES;
				CLANG_WARN_DEPRECATED_OBJC_IMPLEMENTATIONS = YES;
				CLANG_WARN_DIRECT_OBJC_ISA_USAGE = YES_ERROR;
				CLANG_WARN_DOCUMENTATION_COMMENTS = YES;
				CLANG_WARN_EMPTY_BODY = YES;
				CLANG_WARN_ENUM_CONVERSION = YES;
				CLANG_WARN_INFINITE_RECURSION = YES;
				CLANG_WARN_INT_CONVERSION = YES;
				CLANG_WARN_NON_LITERAL_NULL_CONVERSION = YES;
				CLANG_WARN_OBJC_IMPLICIT_RETAIN_SELF = YES;
				CLANG_WARN_OBJC_LITERAL_CONVERSION = YES;
				CLANG_WARN_OBJC_ROOT_CLASS = YES_ERROR;
				CLANG_WARN_RANGE_LOOP_ANALYSIS = YES;
				CLANG_WARN_STRICT_PROTOTYPES = YES;
				CLANG_WARN_SUSPICIOUS_MOVE = YES;
				CLANG_WARN_UNGUARDED_AVAILABILITY = YES_AGGRESSIVE;
				CLANG_WARN_UNREACHABLE_CODE = YES;
				CLANG_WARN__DUPLICATE_METHOD_MATCH = YES;
				CODE_SIGN_IDENTITY = "iPhone Developer";
				COPY_PHASE_STRIP = NO;
				DEBUG_INFORMATION_FORMAT = dwarf;
				ENABLE_STRICT_OBJC_MSGSEND = YES;
				ENABLE_TESTABILITY = YES;
				GCC_C_LANGUAGE_STANDARD = gnu11;
				GCC_DYNAMIC_NO_PIC = NO;
				GCC_NO_COMMON_BLOCKS = YES;
				GCC_OPTIMIZATION_LEVEL = 0;
				GCC_PREPROCESSOR_DEFINITIONS = (
					"DEBUG=1",
					"$(inherited)",
				);
				GCC_WARN_64_TO_32_BIT_CONVERSION = YES;
				GCC_WARN_ABOUT_RETURN_TYPE = YES_ERROR;
				GCC_WARN_UNDECLARED_SELECTOR = YES;
				GCC_WARN_UNINITIALIZED_AUTOS = YES_AGGRESSIVE;
				GCC_WARN_UNUSED_FUNCTION = YES;
				GCC_WARN_UNUSED_VARIABLE = YES;
				IPHONEOS_DEPLOYMENT_TARGET = 12.0;
				MTL_ENABLE_DEBUG_INFO = INCLUDE_SOURCE;
				MTL_FAST_MATH = YES;
				ONLY_ACTIVE_ARCH = YES;
				SDKROOT = iphoneos;
				SWIFT_ACTIVE_COMPILATION_CONDITIONS = DEBUG;
				SWIFT_OPTIMIZATION_LEVEL = "-Onone";
			};
			name = Debug;
		};
		AC79534B2152173000668DAB /* Release */ = {
			isa = XCBuildConfiguration;
			buildSettings = {
				ALWAYS_SEARCH_USER_PATHS = NO;
				CLANG_ANALYZER_NONNULL = YES;
				CLANG_ANALYZER_NUMBER_OBJECT_CONVERSION = YES_AGGRESSIVE;
				CLANG_CXX_LANGUAGE_STANDARD = "gnu++14";
				CLANG_CXX_LIBRARY = "libc++";
				CLANG_ENABLE_MODULES = YES;
				CLANG_ENABLE_OBJC_ARC = YES;
				CLANG_ENABLE_OBJC_WEAK = YES;
				CLANG_WARN_BLOCK_CAPTURE_AUTORELEASING = YES;
				CLANG_WARN_BOOL_CONVERSION = YES;
				CLANG_WARN_COMMA = YES;
				CLANG_WARN_CONSTANT_CONVERSION = YES;
				CLANG_WARN_DEPRECATED_OBJC_IMPLEMENTATIONS = YES;
				CLANG_WARN_DIRECT_OBJC_ISA_USAGE = YES_ERROR;
				CLANG_WARN_DOCUMENTATION_COMMENTS = YES;
				CLANG_WARN_EMPTY_BODY = YES;
				CLANG_WARN_ENUM_CONVERSION = YES;
				CLANG_WARN_INFINITE_RECURSION = YES;
				CLANG_WARN_INT_CONVERSION = YES;
				CLANG_WARN_NON_LITERAL_NULL_CONVERSION = YES;
				CLANG_WARN_OBJC_IMPLICIT_RETAIN_SELF = YES;
				CLANG_WARN_OBJC_LITERAL_CONVERSION = YES;
				CLANG_WARN_OBJC_ROOT_CLASS = YES_ERROR;
				CLANG_WARN_RANGE_LOOP_ANALYSIS = YES;
				CLANG_WARN_STRICT_PROTOTYPES = YES;
				CLANG_WARN_SUSPICIOUS_MOVE = YES;
				CLANG_WARN_UNGUARDED_AVAILABILITY = YES_AGGRESSIVE;
				CLANG_WARN_UNREACHABLE_CODE = YES;
				CLANG_WARN__DUPLICATE_METHOD_MATCH = YES;
				CODE_SIGN_IDENTITY = "iPhone Developer";
				COPY_PHASE_STRIP = NO;
				DEBUG_INFORMATION_FORMAT = "dwarf-with-dsym";
				ENABLE_NS_ASSERTIONS = NO;
				ENABLE_STRICT_OBJC_MSGSEND = YES;
				GCC_C_LANGUAGE_STANDARD = gnu11;
				GCC_NO_COMMON_BLOCKS = YES;
				GCC_WARN_64_TO_32_BIT_CONVERSION = YES;
				GCC_WARN_ABOUT_RETURN_TYPE = YES_ERROR;
				GCC_WARN_UNDECLARED_SELECTOR = YES;
				GCC_WARN_UNINITIALIZED_AUTOS = YES_AGGRESSIVE;
				GCC_WARN_UNUSED_FUNCTION = YES;
				GCC_WARN_UNUSED_VARIABLE = YES;
				IPHONEOS_DEPLOYMENT_TARGET = 12.0;
				MTL_ENABLE_DEBUG_INFO = NO;
				MTL_FAST_MATH = YES;
				SDKROOT = iphoneos;
				SWIFT_COMPILATION_MODE = wholemodule;
				SWIFT_OPTIMIZATION_LEVEL = "-O";
				VALIDATE_PRODUCT = YES;
			};
			name = Release;
		};
		AC79534D2152173000668DAB /* Debug */ = {
			isa = XCBuildConfiguration;
			baseConfigurationReference = A74B07B3D1AEB87D24D1E589 /* Pods-MovieBuff.debug.xcconfig */;
			buildSettings = {
				ASSETCATALOG_COMPILER_APPICON_NAME = AppIcon;
				CODE_SIGN_STYLE = Automatic;
				DEVELOPMENT_TEAM = J6A948NH8P;
				INFOPLIST_FILE = MovieBuff/Info.plist;
				IPHONEOS_DEPLOYMENT_TARGET = 11.4;
				LD_RUNPATH_SEARCH_PATHS = (
					"$(inherited)",
					"@executable_path/Frameworks",
				);
				PRODUCT_BUNDLE_IDENTIFIER = com.appworks.MovieBuff;
				PRODUCT_NAME = "$(TARGET_NAME)";
				SWIFT_VERSION = 4.2;
				TARGETED_DEVICE_FAMILY = "1,2";
			};
			name = Debug;
		};
		AC79534E2152173000668DAB /* Release */ = {
			isa = XCBuildConfiguration;
			baseConfigurationReference = B1E56F596B5817293DB1DBBD /* Pods-MovieBuff.release.xcconfig */;
			buildSettings = {
				ASSETCATALOG_COMPILER_APPICON_NAME = AppIcon;
				CODE_SIGN_STYLE = Automatic;
				DEVELOPMENT_TEAM = J6A948NH8P;
				INFOPLIST_FILE = MovieBuff/Info.plist;
				IPHONEOS_DEPLOYMENT_TARGET = 11.4;
				LD_RUNPATH_SEARCH_PATHS = (
					"$(inherited)",
					"@executable_path/Frameworks",
				);
				PRODUCT_BUNDLE_IDENTIFIER = com.appworks.MovieBuff;
				PRODUCT_NAME = "$(TARGET_NAME)";
				SWIFT_VERSION = 4.2;
				TARGETED_DEVICE_FAMILY = "1,2";
			};
			name = Release;
		};
/* End XCBuildConfiguration section */

/* Begin XCConfigurationList section */
		AC7953352152172A00668DAB /* Build configuration list for PBXProject "MovieBuff" */ = {
			isa = XCConfigurationList;
			buildConfigurations = (
				AC79534A2152173000668DAB /* Debug */,
				AC79534B2152173000668DAB /* Release */,
			);
			defaultConfigurationIsVisible = 0;
			defaultConfigurationName = Release;
		};
		AC79534C2152173000668DAB /* Build configuration list for PBXNativeTarget "MovieBuff" */ = {
			isa = XCConfigurationList;
			buildConfigurations = (
				AC79534D2152173000668DAB /* Debug */,
				AC79534E2152173000668DAB /* Release */,
			);
			defaultConfigurationIsVisible = 0;
			defaultConfigurationName = Release;
		};
/* End XCConfigurationList section */
	};
	rootObject = AC7953322152172900668DAB /* Project object */;
}
